
Microsoft Visual Studio Solution File, Format Version 12.00
# Visual Studio Version 17
VisualStudioVersion = 17.4.33103.184
MinimumVisualStudioVersion = 10.0.40219.1
Project("{FAE04EC0-301F-11D3-BF4B-00C04F79EFBC}") = "DestinyBackend", "DestinyBackend.csproj", "{7B230C3F-ACA3-4C94-8D8B-83F6A138D257}"
EndProject
Global
	GlobalSection(SolutionConfigurationPlatforms) = preSolution
		Debug|Any CPU = Debug|Any CPU
		Release|Any CPU = Release|Any CPU
	EndGlobalSection
	GlobalSection(ProjectConfigurationPlatforms) = postSolution
		{7B230C3F-ACA3-4C94-8D8B-83F6A138D257}.Debug|Any CPU.ActiveCfg = Debug|Any CPU
		{7B230C3F-ACA3-4C94-8D8B-83F6A138D257}.Debug|Any CPU.Build.0 = Debug|Any CPU
		{7B230C3F-ACA3-4C94-8D8B-83F6A138D257}.Release|Any CPU.ActiveCfg = Release|Any CPU
		{7B230C3F-ACA3-4C94-8D8B-83F6A138D257}.Release|Any CPU.Build.0 = Release|Any CPU
	EndGlobalSection
	GlobalSection(SolutionProperties) = preSolution
		HideSolutionNode = FALSE
	EndGlobalSection
	GlobalSection(ExtensibilityGlobals) = postSolution
		SolutionGuid = {1F643447-5682-4250-AFE9-B675877BA886}
	EndGlobalSection
EndGlobal
